
Microsoft Visual Studio Solution File, Format Version 12.00
# Visual Studio 15
VisualStudioVersion = 15.0.26124.0
MinimumVisualStudioVersion = 15.0.26124.0
Project("{FAE04EC0-301F-11D3-BF4B-00C04F79EFBC}") = "FracturedJsonCli", "FracturedJsonCli\FracturedJsonCli.csproj", "{7E51BFD1-1E10-4A78-B047-0F04F1D06A9E}"
EndProject
Project("{FAE04EC0-301F-11D3-BF4B-00C04F79EFBC}") = "FracturedJson", "FracturedJson\FracturedJson.csproj", "{A9110706-09EB-4DB8-8842-88152A530C5D}"
EndProject
Project("{FAE04EC0-301F-11D3-BF4B-00C04F79EFBC}") = "Tests", "Tests\Tests.csproj", "{52119000-0295-4CF1-B6C3-3158A42B31E9}"
EndProject
Project("{FAE04EC0-301F-11D3-BF4B-00C04F79EFBC}") = "WebFormatter", "WebFormatter\WebFormatter.csproj", "{61D4E182-E7FA-4E1F-BD94-5659BC89345B}"
EndProject
Project("{2150E333-8FDC-42A3-9474-1A3956D46DE8}") = "info", "info", "{DF697FDB-0A7B-4047-A41A-D1C7B4F7E603}"
	ProjectSection(SolutionItems) = preProject
		CHANGELOG.md = CHANGELOG.md
		LICENSE = LICENSE
		README.md = README.md
	EndProjectSection
EndProject
Global
	GlobalSection(SolutionConfigurationPlatforms) = preSolution
		Debug|Any CPU = Debug|Any CPU
		Debug|x64 = Debug|x64
		Debug|x86 = Debug|x86
		Release|Any CPU = Release|Any CPU
		Release|x64 = Release|x64
		Release|x86 = Release|x86
	EndGlobalSection
	GlobalSection(SolutionProperties) = preSolution
		HideSolutionNode = FALSE
	EndGlobalSection
	GlobalSection(ProjectConfigurationPlatforms) = postSolution
		{7E51BFD1-1E10-4A78-B047-0F04F1D06A9E}.Debug|Any CPU.ActiveCfg = Debug|Any CPU
		{7E51BFD1-1E10-4A78-B047-0F04F1D06A9E}.Debug|Any CPU.Build.0 = Debug|Any CPU
		{7E51BFD1-1E10-4A78-B047-0F04F1D06A9E}.Debug|x64.ActiveCfg = Debug|Any CPU
		{7E51BFD1-1E10-4A78-B047-0F04F1D06A9E}.Debug|x64.Build.0 = Debug|Any CPU
		{7E51BFD1-1E10-4A78-B047-0F04F1D06A9E}.Debug|x86.ActiveCfg = Debug|Any CPU
		{7E51BFD1-1E10-4A78-B047-0F04F1D06A9E}.Debug|x86.Build.0 = Debug|Any CPU
		{7E51BFD1-1E10-4A78-B047-0F04F1D06A9E}.Release|Any CPU.ActiveCfg = Release|Any CPU
		{7E51BFD1-1E10-4A78-B047-0F04F1D06A9E}.Release|Any CPU.Build.0 = Release|Any CPU
		{7E51BFD1-1E10-4A78-B047-0F04F1D06A9E}.Release|x64.ActiveCfg = Release|Any CPU
		{7E51BFD1-1E10-4A78-B047-0F04F1D06A9E}.Release|x64.Build.0 = Release|Any CPU
		{7E51BFD1-1E10-4A78-B047-0F04F1D06A9E}.Release|x86.ActiveCfg = Release|Any CPU
		{7E51BFD1-1E10-4A78-B047-0F04F1D06A9E}.Release|x86.Build.0 = Release|Any CPU
		{A9110706-09EB-4DB8-8842-88152A530C5D}.Debug|Any CPU.ActiveCfg = Debug|Any CPU
		{A9110706-09EB-4DB8-8842-88152A530C5D}.Debug|Any CPU.Build.0 = Debug|Any CPU
		{A9110706-09EB-4DB8-8842-88152A530C5D}.Debug|x64.ActiveCfg = Debug|Any CPU
		{A9110706-09EB-4DB8-8842-88152A530C5D}.Debug|x64.Build.0 = Debug|Any CPU
		{A9110706-09EB-4DB8-8842-88152A530C5D}.Debug|x86.ActiveCfg = Debug|Any CPU
		{A9110706-09EB-4DB8-8842-88152A530C5D}.Debug|x86.Build.0 = Debug|Any CPU
		{A9110706-09EB-4DB8-8842-88152A530C5D}.Release|Any CPU.ActiveCfg = Release|Any CPU
		{A9110706-09EB-4DB8-8842-88152A530C5D}.Release|Any CPU.Build.0 = Release|Any CPU
		{A9110706-09EB-4DB8-8842-88152A530C5D}.Release|x64.ActiveCfg = Release|Any CPU
		{A9110706-09EB-4DB8-8842-88152A530C5D}.Release|x64.Build.0 = Release|Any CPU
		{A9110706-09EB-4DB8-8842-88152A530C5D}.Release|x86.ActiveCfg = Release|Any CPU
		{A9110706-09EB-4DB8-8842-88152A530C5D}.Release|x86.Build.0 = Release|Any CPU
		{52119000-0295-4CF1-B6C3-3158A42B31E9}.Debug|Any CPU.ActiveCfg = Debug|Any CPU
		{52119000-0295-4CF1-B6C3-3158A42B31E9}.Debug|Any CPU.Build.0 = Debug|Any CPU
		{52119000-0295-4CF1-B6C3-3158A42B31E9}.Debug|x64.ActiveCfg = Debug|Any CPU
		{52119000-0295-4CF1-B6C3-3158A42B31E9}.Debug|x64.Build.0 = Debug|Any CPU
		{52119000-0295-4CF1-B6C3-3158A42B31E9}.Debug|x86.ActiveCfg = Debug|Any CPU
		{52119000-0295-4CF1-B6C3-3158A42B31E9}.Debug|x86.Build.0 = Debug|Any CPU
		{52119000-0295-4CF1-B6C3-3158A42B31E9}.Release|Any CPU.ActiveCfg = Release|Any CPU
		{52119000-0295-4CF1-B6C3-3158A42B31E9}.Release|Any CPU.Build.0 = Release|Any CPU
		{52119000-0295-4CF1-B6C3-3158A42B31E9}.Release|x64.ActiveCfg = Release|Any CPU
		{52119000-0295-4CF1-B6C3-3158A42B31E9}.Release|x64.Build.0 = Release|Any CPU
		{52119000-0295-4CF1-B6C3-3158A42B31E9}.Release|x86.ActiveCfg = Release|Any CPU
		{52119000-0295-4CF1-B6C3-3158A42B31E9}.Release|x86.Build.0 = Release|Any CPU
		{61D4E182-E7FA-4E1F-BD94-5659BC89345B}.Debug|Any CPU.ActiveCfg = Debug|Any CPU
		{61D4E182-E7FA-4E1F-BD94-5659BC89345B}.Debug|Any CPU.Build.0 = Debug|Any CPU
		{61D4E182-E7FA-4E1F-BD94-5659BC89345B}.Debug|x64.ActiveCfg = Debug|Any CPU
		{61D4E182-E7FA-4E1F-BD94-5659BC89345B}.Debug|x64.Build.0 = Debug|Any CPU
		{61D4E182-E7FA-4E1F-BD94-5659BC89345B}.Debug|x86.ActiveCfg = Debug|Any CPU
		{61D4E182-E7FA-4E1F-BD94-5659BC89345B}.Debug|x86.Build.0 = Debug|Any CPU
		{61D4E182-E7FA-4E1F-BD94-5659BC89345B}.Release|Any CPU.ActiveCfg = Release|Any CPU
		{61D4E182-E7FA-4E1F-BD94-5659BC89345B}.Release|Any CPU.Build.0 = Release|Any CPU
		{61D4E182-E7FA-4E1F-BD94-5659BC89345B}.Release|x64.ActiveCfg = Release|Any CPU
		{61D4E182-E7FA-4E1F-BD94-5659BC89345B}.Release|x64.Build.0 = Release|Any CPU
		{61D4E182-E7FA-4E1F-BD94-5659BC89345B}.Release|x86.ActiveCfg = Release|Any CPU
		{61D4E182-E7FA-4E1F-BD94-5659BC89345B}.Release|x86.Build.0 = Release|Any CPU
	EndGlobalSection
EndGlobal
